{"1.1.0",
[{<<"base16">>,{pkg,<<"base16">>,<<"1.0.0">>},1},
 {<<"cowboy">>,
  {git,"https://github.com/ninenines/cowboy",
       {ref,"6945882cd36223533be4e020279b31151bc8b217"}},
  0},
 {<<"cowlib">>,
  {git,"https://github.com/ninenines/cowlib",
       {ref,"3ef5b48a028bb66f82b452c98ae515903096641c"}},
  1},
 {<<"eimp">>,
  {git,"https://github.com/pedro-gutierrez/eimp.git",
       {ref,"bc188f2256b61b912c4ce59a271805a9c679551b"}},
  0},
 {<<"eini">>,{pkg,<<"eini">>,<<"1.2.4">>},1},
 {<<"erlcloud">>,
  {git,"https://github.com/erlcloud/erlcloud.git",
       {ref,"abfde24fb7b6e028d423d6a68b94df0c6a46b0bb"}},
  0},
 {<<"erlydtl">>,
  {git,"https://github.com/erlydtl/erlydtl.git",
       {ref,"032746b8068f367eb63923cb6f8b2095065015b9"}},
  0},
 {<<"fs">>,
  {git,"https://github.com/pedro-gutierrez/fs.git",
       {ref,"528d709b27313d9c84e575314bd7c97ff2152f6b"}},
  0},
 {<<"gun">>,
  {git,"https://github.com/ninenines/gun.git",
       {ref,"a00a6b2d047a5d41e8e062d1c414000b000b45d7"}},
  0},
 {<<"jsone">>,
  {git,"https://github.com/sile/jsone.git",
       {ref,"20076d0d7267a593e03d538d14f52fb2c6149609"}},
  0},
 {<<"jsx">>,{pkg,<<"jsx">>,<<"2.8.0">>},1},
 {<<"lhttpc">>,{pkg,<<"lhttpc">>,<<"1.5.4">>},1},
 {<<"mad">>,
  {git,"git://github.com/synrc/mad",
       {ref,"799dfa5237504e54833f1e0f9ac7e344e0c85cfe"}},
  1},
 {<<"p1_utils">>,{pkg,<<"p1_utils">>,<<"1.0.10">>},1},
 {<<"ranch">>,
  {git,"https://github.com/ninenines/ranch",
       {ref,"55c2a9d623454f372a15e99721a37093d8773b48"}},
  1},
 {<<"sh">>,
  {git,"git://github.com/synrc/sh",
       {ref,"8bff94e67aba9a6583a820a5a8b314c8dac7af48"}},
  2},
 {<<"trane">>,
  {git,"https://github.com/massemanet/trane.git",
       {ref,"87ad5083e54fc3ebbb4ad75eb1e71c8da5b5dec0"}},
  0},
 {<<"uuid">>,
  {git,"https://github.com/avtobiff/erlang-uuid.git",
       {ref,"1fdc1b367902da71b774a34ae15690811ac17b99"}},
  0},
 {<<"yamerl">>,
  {git,"https://github.com/yakaz/yamerl.git",
       {ref,"0acbd3f52d97215a5219633e367b02a3bc7ec6a9"}},
  0}]}.
[
{pkg_hash,[
 {<<"base16">>, <<"283644E2B21BD5915ACB7178BED7851FB07C6E5749B8FAD68A53C501092176D9">>},
 {<<"eini">>, <<"ABD64A0533398A6D714D21219BB85F2D41FDB42665AC4080939B7BFA8E55F386">>},
 {<<"jsx">>, <<"749BEC6D205C694AE1786D62CEA6CC45A390437E24835FD16D12D74F07097727">>},
 {<<"lhttpc">>, <<"405E4F460D67FE8F43F0E6D64E4D168F8A5CFF3AD34D78114688753DAA80FBEB">>},
 {<<"p1_utils">>, <<"A6D6927114BAC79CF6468A10824125492034AF7071ADC6ED5EBC4DDB443845D4">>}]}
].
