{"1.1.0",
[{<<"backoff">>,{pkg,<<"backoff">>,<<"1.1.3">>},1},
 {<<"base16">>,{pkg,<<"base16">>,<<"1.0.0">>},1},
 {<<"base64url">>,{pkg,<<"base64url">>,<<"0.0.1">>},1},
 {<<"cbt">>,
  {git,"https://github.com/benoitc/cbt.git",
       {ref,"49b99e56f406f918739adde152e8a4908e755521"}},
  0},
 {<<"certifi">>,{pkg,<<"certifi">>,<<"2.0.0">>},2},
 {<<"color">>,
  {git,"https://github.com/julianduque/erlang-color.git",
       {ref,"2e538a3360cfdf47906929a04b9471a1f5320afe"}},
  0},
 {<<"cowboy">>,
  {git,"https://github.com/ninenines/cowboy",
       {ref,"28d3515d716d32d1700fa21e904c613c139d4019"}},
  0},
 {<<"cowlib">>,
  {git,"https://github.com/ninenines/cowlib",
       {ref,"56a3fee151340212c1b7a92344e4ece07fc15010"}},
  1},
 {<<"ctx">>,{pkg,<<"ctx">>,<<"0.2.0">>},1},
 {<<"eini">>,{pkg,<<"eini">>,<<"1.2.5">>},1},
 {<<"erlcloud">>,
  {git,"https://github.com/erlcloud/erlcloud.git",
       {ref,"92e06378c08a2917c0970a6eeeea63253f6e2913"}},
  0},
 {<<"erlcron">>,
  {git,"https://github.com/pedro-gutierrez/erlcron.git",
       {ref,"623ad0727b783a30804152786efda3a5e1422220"}},
  0},
 {<<"erlsom">>,{pkg,<<"erlsom">>,<<"1.4.1">>},2},
 {<<"erlydtl">>,
  {git,"https://github.com/erlydtl/erlydtl.git",
       {ref,"118c176f61a0c466516c30502a1498ae3c40b545"}},
  0},
 {<<"evc">>,
  {git,"https://github.com/osense/evc.git",
       {ref,"1ea76d0d97f45e68bd5a17d69254aba63e9209dd"}},
  0},
 {<<"fs">>,
  {git,"https://github.com/pedro-gutierrez/fs.git",
       {ref,"528d709b27313d9c84e575314bd7c97ff2152f6b"}},
  0},
 {<<"gun">>,
  {git,"https://github.com/ninenines/gun.git",
       {ref,"ab4878838fafbd453b41d031c9224b2ee8d2d956"}},
  0},
 {<<"hackney">>,{pkg,<<"hackney">>,<<"1.10.1">>},1},
 {<<"idna">>,{pkg,<<"idna">>,<<"5.1.0">>},2},
 {<<"iso8601">>,
  {git,"https://github.com/erlsci/iso8601.git",
       {ref,"fdb0fd12d729c53f4ae6f8c2f893fd6698b8b10e"}},
  0},
 {<<"jose">>,
  {git,"git://github.com/potatosalad/erlang-jose.git",
       {ref,"5ad99d03c5381ec68a9576c81ed4e9312fea73e0"}},
  0},
 {<<"jsone">>,
  {git,"https://github.com/sile/jsone.git",
       {ref,"5f36206b9ef454b66970f9f783c16999013bb608"}},
  0},
 {<<"jsx">>,{pkg,<<"jsx">>,<<"2.9.0">>},1},
 {<<"kuberl">>,
  {git,"https://github.com/tsloughter/kuberl.git",
       {ref,"b703005dbb8432f91d225689d25999f6ae919ed6"}},
  0},
 {<<"lhttpc">>,{pkg,<<"lhttpc">>,<<"1.6.2">>},1},
 {<<"mad">>,
  {git,"git://github.com/synrc/mad",
       {ref,"799dfa5237504e54833f1e0f9ac7e344e0c85cfe"}},
  1},
 {<<"metrics">>,{pkg,<<"metrics">>,<<"1.0.1">>},2},
 {<<"mimerl">>,{pkg,<<"mimerl">>,<<"1.0.2">>},2},
 {<<"mochiweb_util">>,{pkg,<<"mochiweb_util">>,<<"0.1.0">>},2},
 {<<"pbkdf2">>,
  {git,"https://github.com/erszcz/erlang-pbkdf2.git",
       {ref,"37fe4f5561dbe83aacede1ccd9de733b42979846"}},
  0},
 {<<"prometheus">>,
  {git,"https://github.com/deadtrickster/prometheus.erl.git",
       {ref,"7e98c67ca95fa4f1fd1bdc81f75df2cabdbc36fa"}},
  0},
 {<<"ranch">>,
  {git,"https://github.com/ninenines/ranch",
       {ref,"8eaae552ec520605b7f4b0e5943256d2b5e3621c"}},
  1},
 {<<"restc">>,
  {git,"git://github.com/kivra/restclient.git",
       {ref,"77a335632c210c38b37f7019db72dd97e5f712c8"}},
  1},
 {<<"sh">>,
  {git,"git://github.com/synrc/sh",
       {ref,"c711a0f77f272372f485d483ba58ca1f11def28d"}},
  2},
 {<<"slacker">>,
  {git,"git://github.com/julienXX/slacker.git",
       {ref,"b54df250471eef12253576cb911d2c2949d19bca"}},
  0},
 {<<"sqlite3">>,
  {git,"https://github.com/processone/erlang-sqlite3.git",
       {ref,"cedc45a668d7630f942cab1c6f695de14b097e05"}},
  0},
 {<<"ssl_verify_fun">>,{pkg,<<"ssl_verify_fun">>,<<"1.1.1">>},2},
 {<<"trane">>,
  {git,"https://github.com/massemanet/trane.git",
       {ref,"9aae1ed94e647e8bcb7208776743d3b5d338dbd2"}},
  0},
 {<<"unicode_util_compat">>,{pkg,<<"unicode_util_compat">>,<<"0.3.1">>},3},
 {<<"uuid">>,
  {git,"https://github.com/avtobiff/erlang-uuid.git",
       {ref,"cb02a2039a9b29dd2eef0446039c9c6e164df9ef"}},
  0},
 {<<"yamerl">>,
  {git,"https://github.com/yakaz/yamerl.git",
       {ref,"4e5a54a5a4a0cd9dc8ee30c8356642e9a2c3a443"}},
  0}]}.
[
{pkg_hash,[
 {<<"backoff">>, <<"DE762C05ED6DFAE862D83DC9E58AE936792B01302B3595F5CFFE86F2D8E6C1DD">>},
 {<<"base16">>, <<"283644E2B21BD5915ACB7178BED7851FB07C6E5749B8FAD68A53C501092176D9">>},
 {<<"base64url">>, <<"36A90125F5948E3AFD7BE97662A1504B934DD5DAC78451CA6E9ABF85A10286BE">>},
 {<<"certifi">>, <<"A0C0E475107135F76B8C1D5BC7EFB33CD3815CB3CF3DEA7AEFDD174DABEAD064">>},
 {<<"ctx">>, <<"52D927742961E915E48CF504BE1A72ACC1097F8A07DFB3FA64EADFE230BFBDEF">>},
 {<<"eini">>, <<"98E4988474FAAF821E3511579090AF989096ADBDB5F7BFAA03AA0A9AC80296B2">>},
 {<<"erlsom">>, <<"53DBACF35ADFEA6F0714FD0E4A7B0720D495E88C5E24E12C5DC88C7B62BD3E49">>},
 {<<"hackney">>, <<"C38D0CA52EA80254936A32C45BB7EB414E7A96A521B4CE76D00A69753B157F21">>},
 {<<"idna">>, <<"D72B4EFFEB324AD5DA3CAB1767CB16B17939004E789D8C0AD5B70F3CEA20C89A">>},
 {<<"jsx">>, <<"D2F6E5F069C00266CAD52FB15D87C428579EA4D7D73A33669E12679E203329DD">>},
 {<<"lhttpc">>, <<"044F16F0018C7AA7E945E9E9406C7F6035E0B8BC08BF77B00C78CE260E1071E3">>},
 {<<"metrics">>, <<"25F094DEA2CDA98213CECC3AEFF09E940299D950904393B2A29D191C346A8486">>},
 {<<"mimerl">>, <<"993F9B0E084083405ED8252B99460C4F0563E41729AB42D9074FD5E52439BE88">>},
 {<<"mochiweb_util">>, <<"ECD20D44C6A8E19D1D6E5FE6921E55E921DA6E42F8757A00FF901C7AD4DC5D3D">>},
 {<<"ssl_verify_fun">>, <<"28A4D65B7F59893BC2C7DE786DEC1E1555BD742D336043FE644AE956C3497FBE">>},
 {<<"unicode_util_compat">>, <<"A1F612A7B512638634A603C8F401892AFBF99B8CE93A45041F8AACA99CADB85E">>}]}
].
