{"1.1.0",
[{<<"backoff">>,{pkg,<<"backoff">>,<<"1.1.3">>},1},
 {<<"base16">>,{pkg,<<"base16">>,<<"1.0.0">>},1},
 {<<"base64url">>,
  {git,"git://github.com/dvv/base64url.git",
       {ref,"f2c64ed8b9bebc536fad37ad97243452b674b837"}},
  1},
 {<<"cbt">>,
  {git,"https://github.com/benoitc/cbt.git",
       {ref,"3b3754c593ded5cac845cca9b9db7f34f05e881d"}},
  1},
 {<<"certifi">>,{pkg,<<"certifi">>,<<"2.0.0">>},2},
 {<<"color">>,
  {git,"https://github.com/julianduque/erlang-color.git",
       {ref,"2e538a3360cfdf47906929a04b9471a1f5320afe"}},
  0},
 {<<"cowboy">>,
  {git,"https://github.com/ninenines/cowboy",
       {ref,"28d3515d716d32d1700fa21e904c613c139d4019"}},
  0},
 {<<"cowdb">>,
  {git,"https://github.com/refuge/cowdb.git",
       {ref,"40d72119a59407c7dddc140443b518a90338e347"}},
  0},
 {<<"cowlib">>,
  {git,"https://github.com/ninenines/cowlib",
       {ref,"56a3fee151340212c1b7a92344e4ece07fc15010"}},
  1},
 {<<"ctx">>,{pkg,<<"ctx">>,<<"0.2.0">>},1},
 {<<"ebloom">>,
  {git,"git://github.com/basho/ebloom",
       {ref,"4f6bca025e8c5d0e3758ad48b1330f06f76754d8"}},
  1},
 {<<"edown">>,
  {git,"https://github.com/uwiger/edown.git",
       {ref,"754be25f71a04099c83f3ffdff268e70beeb0021"}},
  2},
 {<<"eini">>,{pkg,<<"eini">>,<<"1.2.4">>},1},
 {<<"erlcloud">>,
  {git,"https://github.com/erlcloud/erlcloud.git",
       {ref,"4a092af2390f21745ba78f96822522c96742d047"}},
  0},
 {<<"erlcron">>,
  {git,"https://github.com/pedro-gutierrez/erlcron.git",
       {ref,"623ad0727b783a30804152786efda3a5e1422220"}},
  0},
 {<<"erlsom">>,{pkg,<<"erlsom">>,<<"1.4.1">>},2},
 {<<"erlydtl">>,
  {git,"https://github.com/erlydtl/erlydtl.git",
       {ref,"032746b8068f367eb63923cb6f8b2095065015b9"}},
  0},
 {<<"fs">>,
  {git,"https://github.com/pedro-gutierrez/fs.git",
       {ref,"528d709b27313d9c84e575314bd7c97ff2152f6b"}},
  0},
 {<<"goldrush">>,
  {git,"https://github.com/basho/goldrush.git",
       {ref,"8f1b715d36b650ec1e1f5612c00e28af6ab0de82"}},
  2},
 {<<"gun">>,
  {git,"https://github.com/ninenines/gun.git",
       {ref,"b8ee8004b0549fae2faf46f50e6fd42a0185d6a0"}},
  0},
 {<<"hackney">>,{pkg,<<"hackney">>,<<"1.10.1">>},1},
 {<<"hanoidb">>,
  {git,"https://github.com/FearlessLittle/hanoidb.git",
       {ref,"ed0dd984953a422c867b5e68f0436de8ddf68cf2"}},
  0},
 {<<"idna">>,{pkg,<<"idna">>,<<"5.1.0">>},2},
 {<<"iso8601">>,
  {git,"https://github.com/erlsci/iso8601.git",
       {ref,"fdb0fd12d729c53f4ae6f8c2f893fd6698b8b10e"}},
  0},
 {<<"jose">>,
  {git,"git://github.com/potatosalad/erlang-jose.git",
       {ref,"f8f97fb651202386c951fccfcb61d123518ba05f"}},
  0},
 {<<"jsone">>,
  {git,"https://github.com/sile/jsone.git",
       {ref,"20076d0d7267a593e03d538d14f52fb2c6149609"}},
  0},
 {<<"jsx">>,{pkg,<<"jsx">>,<<"2.8.0">>},1},
 {<<"kuberl">>,
  {git,"https://github.com/tsloughter/kuberl.git",
       {ref,"b703005dbb8432f91d225689d25999f6ae919ed6"}},
  0},
 {<<"lager">>,
  {git,"git://github.com/basho/lager",
       {ref,"81eaef0ce98fdbf64ab95665e3bc2ec4b24c7dac"}},
  1},
 {<<"lhttpc">>,{pkg,<<"lhttpc">>,<<"1.5.5">>},1},
 {<<"lz4">>,
  {git,"git://github.com/krestenkrab/erlang-lz4.git",
       {ref,"5fd90ca1e2345bdc359ee43d958da87fafb4fd78"}},
  1},
 {<<"mad">>,
  {git,"git://github.com/synrc/mad",
       {ref,"799dfa5237504e54833f1e0f9ac7e344e0c85cfe"}},
  1},
 {<<"metrics">>,{pkg,<<"metrics">>,<<"1.0.1">>},2},
 {<<"mimerl">>,{pkg,<<"mimerl">>,<<"1.0.2">>},2},
 {<<"mochiweb_util">>,{pkg,<<"mochiweb_util">>,<<"0.1.0">>},2},
 {<<"plain_fsm">>,
  {git,"git://github.com/uwiger/plain_fsm",
       {ref,"c96baaacf240d421fb333fd858408d09792ac929"}},
  1},
 {<<"ranch">>,
  {git,"https://github.com/ninenines/ranch",
       {ref,"8eaae552ec520605b7f4b0e5943256d2b5e3621c"}},
  1},
 {<<"restc">>,
  {git,"git://github.com/kivra/restclient.git",
       {ref,"77a335632c210c38b37f7019db72dd97e5f712c8"}},
  1},
 {<<"sext">>,
  {git,"git://github.com/uwiger/sext",
       {ref,"615eebcf975ec4b4561c6f2b2bc433dabdb2be0f"}},
  1},
 {<<"sh">>,
  {git,"git://github.com/synrc/sh",
       {ref,"8bff94e67aba9a6583a820a5a8b314c8dac7af48"}},
  2},
 {<<"slacker">>,
  {git,"git://github.com/julienXX/slacker.git",
       {ref,"b54df250471eef12253576cb911d2c2949d19bca"}},
  0},
 {<<"snappy">>,
  {git,"git://github.com/fdmanana/snappy-erlang-nif.git",
       {ref,"4e3b8611b6a1ff85a417b0f2fad8886c9485810e"}},
  1},
 {<<"ssl_verify_fun">>,{pkg,<<"ssl_verify_fun">>,<<"1.1.1">>},2},
 {<<"trane">>,
  {git,"https://github.com/massemanet/trane.git",
       {ref,"87ad5083e54fc3ebbb4ad75eb1e71c8da5b5dec0"}},
  0},
 {<<"triq">>,
  {git,"git://github.com/fearlesslittle/triq",
       {ref,"a4f03b87b73ba6404131680524df71c3e40bb650"}},
  1},
 {<<"unicode_util_compat">>,{pkg,<<"unicode_util_compat">>,<<"0.3.1">>},3},
 {<<"uuid">>,
  {git,"https://github.com/avtobiff/erlang-uuid.git",
       {ref,"cb02a2039a9b29dd2eef0446039c9c6e164df9ef"}},
  0},
 {<<"yamerl">>,
  {git,"https://github.com/yakaz/yamerl.git",
       {ref,"4e5a54a5a4a0cd9dc8ee30c8356642e9a2c3a443"}},
  0}]}.
[
{pkg_hash,[
 {<<"backoff">>, <<"DE762C05ED6DFAE862D83DC9E58AE936792B01302B3595F5CFFE86F2D8E6C1DD">>},
 {<<"base16">>, <<"283644E2B21BD5915ACB7178BED7851FB07C6E5749B8FAD68A53C501092176D9">>},
 {<<"certifi">>, <<"A0C0E475107135F76B8C1D5BC7EFB33CD3815CB3CF3DEA7AEFDD174DABEAD064">>},
 {<<"ctx">>, <<"52D927742961E915E48CF504BE1A72ACC1097F8A07DFB3FA64EADFE230BFBDEF">>},
 {<<"eini">>, <<"ABD64A0533398A6D714D21219BB85F2D41FDB42665AC4080939B7BFA8E55F386">>},
 {<<"erlsom">>, <<"53DBACF35ADFEA6F0714FD0E4A7B0720D495E88C5E24E12C5DC88C7B62BD3E49">>},
 {<<"hackney">>, <<"C38D0CA52EA80254936A32C45BB7EB414E7A96A521B4CE76D00A69753B157F21">>},
 {<<"idna">>, <<"D72B4EFFEB324AD5DA3CAB1767CB16B17939004E789D8C0AD5B70F3CEA20C89A">>},
 {<<"jsx">>, <<"749BEC6D205C694AE1786D62CEA6CC45A390437E24835FD16D12D74F07097727">>},
 {<<"lhttpc">>, <<"CAE8E318063B4A431385BB3483D9C17116B264BE87442308450B3E879F9BD3CF">>},
 {<<"metrics">>, <<"25F094DEA2CDA98213CECC3AEFF09E940299D950904393B2A29D191C346A8486">>},
 {<<"mimerl">>, <<"993F9B0E084083405ED8252B99460C4F0563E41729AB42D9074FD5E52439BE88">>},
 {<<"mochiweb_util">>, <<"ECD20D44C6A8E19D1D6E5FE6921E55E921DA6E42F8757A00FF901C7AD4DC5D3D">>},
 {<<"ssl_verify_fun">>, <<"28A4D65B7F59893BC2C7DE786DEC1E1555BD742D336043FE644AE956C3497FBE">>},
 {<<"unicode_util_compat">>, <<"A1F612A7B512638634A603C8F401892AFBF99B8CE93A45041F8AACA99CADB85E">>}]}
].
